// !$*UTF8*$!
{
	archiveVersion = 1;
	classes = {
	};
	objectVersion = 50;
	objects = {

/* Begin PBXBuildFile section */
		04281CA7285CB83500301749 /* AppDelegate.swift in Sources */ = {isa = PBXBuildFile; fileRef = 04281CA6285CB83500301749 /* AppDelegate.swift */; };
		04281CA9285CB83500301749 /* SceneDelegate.swift in Sources */ = {isa = PBXBuildFile; fileRef = 04281CA8285CB83500301749 /* SceneDelegate.swift */; };
		04281CAB285CB83500301749 /* ViewController.swift in Sources */ = {isa = PBXBuildFile; fileRef = 04281CAA285CB83500301749 /* ViewController.swift */; };
		04281CAE285CB83500301749 /* Main.storyboard in Resources */ = {isa = PBXBuildFile; fileRef = 04281CAC285CB83500301749 /* Main.storyboard */; };
		04281CB0285CB83800301749 /* Assets.xcassets in Resources */ = {isa = PBXBuildFile; fileRef = 04281CAF285CB83800301749 /* Assets.xcassets */; };
		04281CB3285CB83800301749 /* LaunchScreen.storyboard in Resources */ = {isa = PBXBuildFile; fileRef = 04281CB1285CB83800301749 /* LaunchScreen.storyboard */; };
		04281CBE285CB83800301749 /* __4Bong_di_cheoTests.swift in Sources */ = {isa = PBXBuildFile; fileRef = 04281CBD285CB83800301749 /* __4Bong_di_cheoTests.swift */; };
		04281CC9285CB83800301749 /* __4Bong_di_cheoUITests.swift in Sources */ = {isa = PBXBuildFile; fileRef = 04281CC8285CB83800301749 /* __4Bong_di_cheoUITests.swift */; };
/* End PBXBuildFile section */

/* Begin PBXContainerItemProxy section */
		04281CBA285CB83800301749 /* PBXContainerItemProxy */ = {
			isa = PBXContainerItemProxy;
			containerPortal = 04281C9B285CB83500301749 /* Project object */;
			proxyType = 1;
			remoteGlobalIDString = 04281CA2285CB83500301749;
			remoteInfo = "2.4Bong di cheo";
		};
		04281CC5285CB83800301749 /* PBXContainerItemProxy */ = {
			isa = PBXContainerItemProxy;
			containerPortal = 04281C9B285CB83500301749 /* Project object */;
			proxyType = 1;
			remoteGlobalIDString = 04281CA2285CB83500301749;
			remoteInfo = "2.4Bong di cheo";
		};
/* End PBXContainerItemProxy section */

/* Begin PBXFileReference section */
		04281CA3285CB83500301749 /* 2.4Bong di cheo.app */ = {isa = PBXFileReference; explicitFileType = wrapper.application; includeInIndex = 0; path = "2.4Bong di cheo.app"; sourceTree = BUILT_PRODUCTS_DIR; };
		04281CA6285CB83500301749 /* AppDelegate.swift */ = {isa = PBXFileReference; lastKnownFileType = sourcecode.swift; path = AppDelegate.swift; sourceTree = "<group>"; };
		04281CA8285CB83500301749 /* SceneDelegate.swift */ = {isa = PBXFileReference; lastKnownFileType = sourcecode.swift; path = SceneDelegate.swift; sourceTree = "<group>"; };
		04281CAA285CB83500301749 /* ViewController.swift */ = {isa = PBXFileReference; lastKnownFileType = sourcecode.swift; path = ViewController.swift; sourceTree = "<group>"; };
		04281CAD285CB83500301749 /* Base */ = {isa = PBXFileReference; lastKnownFileType = file.storyboard; name = Base; path = Base.lproj/Main.storyboard; sourceTree = "<group>"; };
		04281CAF285CB83800301749 /* Assets.xcassets */ = {isa = PBXFileReference; lastKnownFileType = folder.assetcatalog; path = Assets.xcassets; sourceTree = "<group>"; };
		04281CB2285CB83800301749 /* Base */ = {isa = PBXFileReference; lastKnownFileType = file.storyboard; name = Base; path = Base.lproj/LaunchScreen.storyboard; sourceTree = "<group>"; };
		04281CB4285CB83800301749 /* Info.plist */ = {isa = PBXFileReference; lastKnownFileType = text.plist.xml; path = Info.plist; sourceTree = "<group>"; };
		04281CB9285CB83800301749 /* 2.4Bong di cheoTests.xctest */ = {isa = PBXFileReference; explicitFileType = wrapper.cfbundle; includeInIndex = 0; path = "2.4Bong di cheoTests.xctest"; sourceTree = BUILT_PRODUCTS_DIR; };
		04281CBD285CB83800301749 /* __4Bong_di_cheoTests.swift */ = {isa = PBXFileReference; lastKnownFileType = sourcecode.swift; path = __4Bong_di_cheoTests.swift; sourceTree = "<group>"; };
		04281CBF285CB83800301749 /* Info.plist */ = {isa = PBXFileReference; lastKnownFileType = text.plist.xml; path = Info.plist; sourceTree = "<group>"; };
		04281CC4285CB83800301749 /* 2.4Bong di cheoUITests.xctest */ = {isa = PBXFileReference; explicitFileType = wrapper.cfbundle; includeInIndex = 0; path = "2.4Bong di cheoUITests.xctest"; sourceTree = BUILT_PRODUCTS_DIR; };
		04281CC8285CB83800301749 /* __4Bong_di_cheoUITests.swift */ = {isa = PBXFileReference; lastKnownFileType = sourcecode.swift; path = __4Bong_di_cheoUITests.swift; sourceTree = "<group>"; };
		04281CCA285CB83800301749 /* Info.plist */ = {isa = PBXFileReference; lastKnownFileType = text.plist.xml; path = Info.plist; sourceTree = "<group>"; };
/* End PBXFileReference section */

/* Begin PBXFrameworksBuildPhase section */
		04281CA0285CB83500301749 /* Frameworks */ = {
			isa = PBXFrameworksBuildPhase;
			buildActionMask = 2147483647;
			files = (
			);
			runOnlyForDeploymentPostprocessing = 0;
		};
		04281CB6285CB83800301749 /* Frameworks */ = {
			isa = PBXFrameworksBuildPhase;
			buildActionMask = 2147483647;
			files = (
			);
			runOnlyForDeploymentPostprocessing = 0;
		};
		04281CC1285CB83800301749 /* Frameworks */ = {
			isa = PBXFrameworksBuildPhase;
			buildActionMask = 2147483647;
			files = (
			);
			runOnlyForDeploymentPostprocessing = 0;
		};
/* End PBXFrameworksBuildPhase section */

/* Begin PBXGroup section */
		04281C9A285CB83500301749 = {
			isa = PBXGroup;
			children = (
				04281CA5285CB83500301749 /* 2.4Bong di cheo */,
				04281CBC285CB83800301749 /* 2.4Bong di cheoTests */,
				04281CC7285CB83800301749 /* 2.4Bong di cheoUITests */,
				04281CA4285CB83500301749 /* Products */,
			);
			sourceTree = "<group>";
		};
		04281CA4285CB83500301749 /* Products */ = {
			isa = PBXGroup;
			children = (
				04281CA3285CB83500301749 /* 2.4Bong di cheo.app */,
				04281CB9285CB83800301749 /* 2.4Bong di cheoTests.xctest */,
				04281CC4285CB83800301749 /* 2.4Bong di cheoUITests.xctest */,
			);
			name = Products;
			sourceTree = "<group>";
		};
		04281CA5285CB83500301749 /* 2.4Bong di cheo */ = {
			isa = PBXGroup;
			children = (
				04281CA6285CB83500301749 /* AppDelegate.swift */,
				04281CA8285CB83500301749 /* SceneDelegate.swift */,
				04281CAA285CB83500301749 /* ViewController.swift */,
				04281CAC285CB83500301749 /* Main.storyboard */,
				04281CAF285CB83800301749 /* Assets.xcassets */,
				04281CB1285CB83800301749 /* LaunchScreen.storyboard */,
				04281CB4285CB83800301749 /* Info.plist */,
			);
			path = "2.4Bong di cheo";
			sourceTree = "<group>";
		};
		04281CBC285CB83800301749 /* 2.4Bong di cheoTests */ = {
			isa = PBXGroup;
			children = (
				04281CBD285CB83800301749 /* __4Bong_di_cheoTests.swift */,
				04281CBF285CB83800301749 /* Info.plist */,
			);
			path = "2.4Bong di cheoTests";
			sourceTree = "<group>";
		};
		04281CC7285CB83800301749 /* 2.4Bong di cheoUITests */ = {
			isa = PBXGroup;
			children = (
				04281CC8285CB83800301749 /* __4Bong_di_cheoUITests.swift */,
				04281CCA285CB83800301749 /* Info.plist */,
			);
			path = "2.4Bong di cheoUITests";
			sourceTree = "<group>";
		};
/* End PBXGroup section */

/* Begin PBXNativeTarget section */
		04281CA2285CB83500301749 /* 2.4Bong di cheo */ = {
			isa = PBXNativeTarget;
			buildConfigurationList = 04281CCD285CB83800301749 /* Build configuration list for PBXNativeTarget "2.4Bong di cheo" */;
			buildPhases = (
				04281C9F285CB83500301749 /* Sources */,
				04281CA0285CB83500301749 /* Frameworks */,
				04281CA1285CB83500301749 /* Resources */,
			);
			buildRules = (
			);
			dependencies = (
			);
			name = "2.4Bong di cheo";
			productName = "2.4Bong di cheo";
			productReference = 04281CA3285CB83500301749 /* 2.4Bong di cheo.app */;
			productType = "com.apple.product-type.application";
		};
		04281CB8285CB83800301749 /* 2.4Bong di cheoTests */ = {
			isa = PBXNativeTarget;
			buildConfigurationList = 04281CD0285CB83800301749 /* Build configuration list for PBXNativeTarget "2.4Bong di cheoTests" */;
			buildPhases = (
				04281CB5285CB83800301749 /* Sources */,
				04281CB6285CB83800301749 /* Frameworks */,
				04281CB7285CB83800301749 /* Resources */,
			);
			buildRules = (
			);
			dependencies = (
				04281CBB285CB83800301749 /* PBXTargetDependency */,
			);
			name = "2.4Bong di cheoTests";
			productName = "2.4Bong di cheoTests";
			productReference = 04281CB9285CB83800301749 /* 2.4Bong di cheoTests.xctest */;
			productType = "com.apple.product-type.bundle.unit-test";
		};
		04281CC3285CB83800301749 /* 2.4Bong di cheoUITests */ = {
			isa = PBXNativeTarget;
			buildConfigurationList = 04281CD3285CB83800301749 /* Build configuration list for PBXNativeTarget "2.4Bong di cheoUITests" */;
			buildPhases = (
				04281CC0285CB83800301749 /* Sources */,
				04281CC1285CB83800301749 /* Frameworks */,
				04281CC2285CB83800301749 /* Resources */,
			);
			buildRules = (
			);
			dependencies = (
				04281CC6285CB83800301749 /* PBXTargetDependency */,
			);
			name = "2.4Bong di cheoUITests";
			productName = "2.4Bong di cheoUITests";
			productReference = 04281CC4285CB83800301749 /* 2.4Bong di cheoUITests.xctest */;
			productType = "com.apple.product-type.bundle.ui-testing";
		};
/* End PBXNativeTarget section */

/* Begin PBXProject section */
		04281C9B285CB83500301749 /* Project object */ = {
			isa = PBXProject;
			attributes = {
				LastSwiftUpdateCheck = 1240;
				LastUpgradeCheck = 1240;
				TargetAttributes = {
					04281CA2285CB83500301749 = {
						CreatedOnToolsVersion = 12.4;
					};
					04281CB8285CB83800301749 = {
						CreatedOnToolsVersion = 12.4;
						TestTargetID = 04281CA2285CB83500301749;
					};
					04281CC3285CB83800301749 = {
						CreatedOnToolsVersion = 12.4;
						TestTargetID = 04281CA2285CB83500301749;
					};
				};
			};
			buildConfigurationList = 04281C9E285CB83500301749 /* Build configuration list for PBXProject "2.4Bong di cheo" */;
			compatibilityVersion = "Xcode 9.3";
			developmentRegion = en;
			hasScannedForEncodings = 0;
			knownRegions = (
				en,
				Base,
			);
			mainGroup = 04281C9A285CB83500301749;
			productRefGroup = 04281CA4285CB83500301749 /* Products */;
			projectDirPath = "";
			projectRoot = "";
			targets = (
				04281CA2285CB83500301749 /* 2.4Bong di cheo */,
				04281CB8285CB83800301749 /* 2.4Bong di cheoTests */,
				04281CC3285CB83800301749 /* 2.4Bong di cheoUITests */,
			);
		};
/* End PBXProject section */

/* Begin PBXResourcesBuildPhase section */
		04281CA1285CB83500301749 /* Resources */ = {
			isa = PBXResourcesBuildPhase;
			buildActionMask = 2147483647;
			files = (
				04281CB3285CB83800301749 /* LaunchScreen.storyboard in Resources */,
				04281CB0285CB83800301749 /* Assets.xcassets in Resources */,
				04281CAE285CB83500301749 /* Main.storyboard in Resources */,
			);
			runOnlyForDeploymentPostprocessing = 0;
		};
		04281CB7285CB83800301749 /* Resources */ = {
			isa = PBXResourcesBuildPhase;
			buildActionMask = 2147483647;
			files = (
			);
			runOnlyForDeploymentPostprocessing = 0;
		};
		04281CC2285CB83800301749 /* Resources */ = {
			isa = PBXResourcesBuildPhase;
			buildActionMask = 2147483647;
			files = (
			);
			runOnlyForDeploymentPostprocessing = 0;
		};
/* End PBXResourcesBuildPhase section */

/* Begin PBXSourcesBuildPhase section */
		04281C9F285CB83500301749 /* Sources */ = {
			isa = PBXSourcesBuildPhase;
			buildActionMask = 2147483647;
			files = (
				04281CAB285CB83500301749 /* ViewController.swift in Sources */,
				04281CA7285CB83500301749 /* AppDelegate.swift in Sources */,
				04281CA9285CB83500301749 /* SceneDelegate.swift in Sources */,
			);
			runOnlyForDeploymentPostprocessing = 0;
		};
		04281CB5285CB83800301749 /* Sources */ = {
			isa = PBXSourcesBuildPhase;
			buildActionMask = 2147483647;
			files = (
				04281CBE285CB83800301749 /* __4Bong_di_cheoTests.swift in Sources */,
			);
			runOnlyForDeploymentPostprocessing = 0;
		};
		04281CC0285CB83800301749 /* Sources */ = {
			isa = PBXSourcesBuildPhase;
			buildActionMask = 2147483647;
			files = (
				04281CC9285CB83800301749 /* __4Bong_di_cheoUITests.swift in Sources */,
			);
			runOnlyForDeploymentPostprocessing = 0;
		};
/* End PBXSourcesBuildPhase section */

/* Begin PBXTargetDependency section */
		04281CBB285CB83800301749 /* PBXTargetDependency */ = {
			isa = PBXTargetDependency;
			target = 04281CA2285CB83500301749 /* 2.4Bong di cheo */;
			targetProxy = 04281CBA285CB83800301749 /* PBXContainerItemProxy */;
		};
		04281CC6285CB83800301749 /* PBXTargetDependency */ = {
			isa = PBXTargetDependency;
			target = 04281CA2285CB83500301749 /* 2.4Bong di cheo */;
			targetProxy = 04281CC5285CB83800301749 /* PBXContainerItemProxy */;
		};
/* End PBXTargetDependency section */

/* Begin PBXVariantGroup section */
		04281CAC285CB83500301749 /* Main.storyboard */ = {
			isa = PBXVariantGroup;
			children = (
				04281CAD285CB83500301749 /* Base */,
			);
			name = Main.storyboard;
			sourceTree = "<group>";
		};
		04281CB1285CB83800301749 /* LaunchScreen.storyboard */ = {
			isa = PBXVariantGroup;
			children = (
				04281CB2285CB83800301749 /* Base */,
			);
			name = LaunchScreen.storyboard;
			sourceTree = "<group>";
		};
/* End PBXVariantGroup section */

/* Begin XCBuildConfiguration section */
		04281CCB285CB83800301749 /* Debug */ = {
			isa = XCBuildConfiguration;
			buildSettings = {
				ALWAYS_SEARCH_USER_PATHS = NO;
				CLANG_ANALYZER_NONNULL = YES;
				CLANG_ANALYZER_NUMBER_OBJECT_CONVERSION = YES_AGGRESSIVE;
				CLANG_CXX_LANGUAGE_STANDARD = "gnu++14";
				CLANG_CXX_LIBRARY = "libc++";
				CLANG_ENABLE_MODULES = YES;
				CLANG_ENABLE_OBJC_ARC = YES;
				CLANG_ENABLE_OBJC_WEAK = YES;
				CLANG_WARN_BLOCK_CAPTURE_AUTORELEASING = YES;
				CLANG_WARN_BOOL_CONVERSION = YES;
				CLANG_WARN_COMMA = YES;
				CLANG_WARN_CONSTANT_CONVERSION = YES;
				CLANG_WARN_DEPRECATED_OBJC_IMPLEMENTATIONS = YES;
				CLANG_WARN_DIRECT_OBJC_ISA_USAGE = YES_ERROR;
				CLANG_WARN_DOCUMENTATION_COMMENTS = YES;
				CLANG_WARN_EMPTY_BODY = YES;
				CLANG_WARN_ENUM_CONVERSION = YES;
				CLANG_WARN_INFINITE_RECURSION = YES;
				CLANG_WARN_INT_CONVERSION = YES;
				CLANG_WARN_NON_LITERAL_NULL_CONVERSION = YES;
				CLANG_WARN_OBJC_IMPLICIT_RETAIN_SELF = YES;
				CLANG_WARN_OBJC_LITERAL_CONVERSION = YES;
				CLANG_WARN_OBJC_ROOT_CLASS = YES_ERROR;
				CLANG_WARN_QUOTED_INCLUDE_IN_FRAMEWORK_HEADER = YES;
				CLANG_WARN_RANGE_LOOP_ANALYSIS = YES;
				CLANG_WARN_STRICT_PROTOTYPES = YES;
				CLANG_WARN_SUSPICIOUS_MOVE = YES;
				CLANG_WARN_UNGUARDED_AVAILABILITY = YES_AGGRESSIVE;
				CLANG_WARN_UNREACHABLE_CODE = YES;
				CLANG_WARN__DUPLICATE_METHOD_MATCH = YES;
				COPY_PHASE_STRIP = NO;
				DEBUG_INFORMATION_FORMAT = dwarf;
				ENABLE_STRICT_OBJC_MSGSEND = YES;
				ENABLE_TESTABILITY = YES;
				GCC_C_LANGUAGE_STANDARD = gnu11;
				GCC_DYNAMIC_NO_PIC = NO;
				GCC_NO_COMMON_BLOCKS = YES;
				GCC_OPTIMIZATION_LEVEL = 0;
				GCC_PREPROCESSOR_DEFINITIONS = (
					"DEBUG=1",
					"$(inherited)",
				);
				GCC_WARN_64_TO_32_BIT_CONVERSION = YES;
				GCC_WARN_ABOUT_RETURN_TYPE = YES_ERROR;
				GCC_WARN_UNDECLARED_SELECTOR = YES;
				GCC_WARN_UNINITIALIZED_AUTOS = YES_AGGRESSIVE;
				GCC_WARN_UNUSED_FUNCTION = YES;
				GCC_WARN_UNUSED_VARIABLE = YES;
				IPHONEOS_DEPLOYMENT_TARGET = 14.4;
				MTL_ENABLE_DEBUG_INFO = INCLUDE_SOURCE;
				MTL_FAST_MATH = YES;
				ONLY_ACTIVE_ARCH = YES;
				SDKROOT = iphoneos;
				SWIFT_ACTIVE_COMPILATION_CONDITIONS = DEBUG;
				SWIFT_OPTIMIZATION_LEVEL = "-Onone";
			};
			name = Debug;
		};
		04281CCC285CB83800301749 /* Release */ = {
			isa = XCBuildConfiguration;
			buildSettings = {
				ALWAYS_SEARCH_USER_PATHS = NO;
				CLANG_ANALYZER_NONNULL = YES;
				CLANG_ANALYZER_NUMBER_OBJECT_CONVERSION = YES_AGGRESSIVE;
				CLANG_CXX_LANGUAGE_STANDARD = "gnu++14";
				CLANG_CXX_LIBRARY = "libc++";
				CLANG_ENABLE_MODULES = YES;
				CLANG_ENABLE_OBJC_ARC = YES;
				CLANG_ENABLE_OBJC_WEAK = YES;
				CLANG_WARN_BLOCK_CAPTURE_AUTORELEASING = YES;
				CLANG_WARN_BOOL_CONVERSION = YES;
				CLANG_WARN_COMMA = YES;
				CLANG_WARN_CONSTANT_CONVERSION = YES;
				CLANG_WARN_DEPRECATED_OBJC_IMPLEMENTATIONS = YES;
				CLANG_WARN_DIRECT_OBJC_ISA_USAGE = YES_ERROR;
				CLANG_WARN_DOCUMENTATION_COMMENTS = YES;
				CLANG_WARN_EMPTY_BODY = YES;
				CLANG_WARN_ENUM_CONVERSION = YES;
				CLANG_WARN_INFINITE_RECURSION = YES;
				CLANG_WARN_INT_CONVERSION = YES;
				CLANG_WARN_NON_LITERAL_NULL_CONVERSION = YES;
				CLANG_WARN_OBJC_IMPLICIT_RETAIN_SELF = YES;
				CLANG_WARN_OBJC_LITERAL_CONVERSION = YES;
				CLANG_WARN_OBJC_ROOT_CLASS = YES_ERROR;
				CLANG_WARN_QUOTED_INCLUDE_IN_FRAMEWORK_HEADER = YES;
				CLANG_WARN_RANGE_LOOP_ANALYSIS = YES;
				CLANG_WARN_STRICT_PROTOTYPES = YES;
				CLANG_WARN_SUSPICIOUS_MOVE = YES;
				CLANG_WARN_UNGUARDED_AVAILABILITY = YES_AGGRESSIVE;
				CLANG_WARN_UNREACHABLE_CODE = YES;
				CLANG_WARN__DUPLICATE_METHOD_MATCH = YES;
				COPY_PHASE_STRIP = NO;
				DEBUG_INFORMATION_FORMAT = "dwarf-with-dsym";
				ENABLE_NS_ASSERTIONS = NO;
				ENABLE_STRICT_OBJC_MSGSEND = YES;
				GCC_C_LANGUAGE_STANDARD = gnu11;
				GCC_NO_COMMON_BLOCKS = YES;
				GCC_WARN_64_TO_32_BIT_CONVERSION = YES;
				GCC_WARN_ABOUT_RETURN_TYPE = YES_ERROR;
				GCC_WARN_UNDECLARED_SELECTOR = YES;
				GCC_WARN_UNINITIALIZED_AUTOS = YES_AGGRESSIVE;
				GCC_WARN_UNUSED_FUNCTION = YES;
				GCC_WARN_UNUSED_VARIABLE = YES;
				IPHONEOS_DEPLOYMENT_TARGET = 14.4;
				MTL_ENABLE_DEBUG_INFO = NO;
				MTL_FAST_MATH = YES;
				SDKROOT = iphoneos;
				SWIFT_COMPILATION_MODE = wholemodule;
				SWIFT_OPTIMIZATION_LEVEL = "-O";
				VALIDATE_PRODUCT = YES;
			};
			name = Release;
		};
		04281CCE285CB83800301749 /* Debug */ = {
			isa = XCBuildConfiguration;
			buildSettings = {
				ASSETCATALOG_COMPILER_APPICON_NAME = AppIcon;
				ASSETCATALOG_COMPILER_GLOBAL_ACCENT_COLOR_NAME = AccentColor;
				CODE_SIGN_STYLE = Automatic;
				INFOPLIST_FILE = "2.4Bong di cheo/Info.plist";
				LD_RUNPATH_SEARCH_PATHS = (
					"$(inherited)",
					"@executable_path/Frameworks",
				);
				PRODUCT_BUNDLE_IDENTIFIER = "b.--4Bong-di-cheo";
				PRODUCT_NAME = "$(TARGET_NAME)";
				SWIFT_VERSION = 5.0;
				TARGETED_DEVICE_FAMILY = "1,2";
			};
			name = Debug;
		};
		04281CCF285CB83800301749 /* Release */ = {
			isa = XCBuildConfiguration;
			buildSettings = {
				ASSETCATALOG_COMPILER_APPICON_NAME = AppIcon;
				ASSETCATALOG_COMPILER_GLOBAL_ACCENT_COLOR_NAME = AccentColor;
				CODE_SIGN_STYLE = Automatic;
				INFOPLIST_FILE = "2.4Bong di cheo/Info.plist";
				LD_RUNPATH_SEARCH_PATHS = (
					"$(inherited)",
					"@executable_path/Frameworks",
				);
				PRODUCT_BUNDLE_IDENTIFIER = "b.--4Bong-di-cheo";
				PRODUCT_NAME = "$(TARGET_NAME)";
				SWIFT_VERSION = 5.0;
				TARGETED_DEVICE_FAMILY = "1,2";
			};
			name = Release;
		};
		04281CD1285CB83800301749 /* Debug */ = {
			isa = XCBuildConfiguration;
			buildSettings = {
				ALWAYS_EMBED_SWIFT_STANDARD_LIBRARIES = YES;
				BUNDLE_LOADER = "$(TEST_HOST)";
				CODE_SIGN_STYLE = Automatic;
				INFOPLIST_FILE = "2.4Bong di cheoTests/Info.plist";
				IPHONEOS_DEPLOYMENT_TARGET = 14.4;
				LD_RUNPATH_SEARCH_PATHS = (
					"$(inherited)",
					"@executable_path/Frameworks",
					"@loader_path/Frameworks",
				);
				PRODUCT_BUNDLE_IDENTIFIER = "b.--4Bong-di-cheoTests";
				PRODUCT_NAME = "$(TARGET_NAME)";
				SWIFT_VERSION = 5.0;
				TARGETED_DEVICE_FAMILY = "1,2";
				TEST_HOST = "$(BUILT_PRODUCTS_DIR)/2.4Bong di cheo.app/2.4Bong di cheo";
			};
			name = Debug;
		};
		04281CD2285CB83800301749 /* Release */ = {
			isa = XCBuildConfiguration;
			buildSettings = {
				ALWAYS_EMBED_SWIFT_STANDARD_LIBRARIES = YES;
				BUNDLE_LOADER = "$(TEST_HOST)";
				CODE_SIGN_STYLE = Automatic;
				INFOPLIST_FILE = "2.4Bong di cheoTests/Info.plist";
				IPHONEOS_DEPLOYMENT_TARGET = 14.4;
				LD_RUNPATH_SEARCH_PATHS = (
					"$(inherited)",
					"@executable_path/Frameworks",
					"@loader_path/Frameworks",
				);
				PRODUCT_BUNDLE_IDENTIFIER = "b.--4Bong-di-cheoTests";
				PRODUCT_NAME = "$(TARGET_NAME)";
				SWIFT_VERSION = 5.0;
				TARGETED_DEVICE_FAMILY = "1,2";
				TEST_HOST = "$(BUILT_PRODUCTS_DIR)/2.4Bong di cheo.app/2.4Bong di cheo";
			};
			name = Release;
		};
		04281CD4285CB83800301749 /* Debug */ = {
			isa = XCBuildConfiguration;
			buildSettings = {
				ALWAYS_EMBED_SWIFT_STANDARD_LIBRARIES = YES;
				CODE_SIGN_STYLE = Automatic;
				INFOPLIST_FILE = "2.4Bong di cheoUITests/Info.plist";
				LD_RUNPATH_SEARCH_PATHS = (
					"$(inherited)",
					"@executable_path/Frameworks",
					"@loader_path/Frameworks",
				);
				PRODUCT_BUNDLE_IDENTIFIER = "b.--4Bong-di-cheoUITests";
				PRODUCT_NAME = "$(TARGET_NAME)";
				SWIFT_VERSION = 5.0;
				TARGETED_DEVICE_FAMILY = "1,2";
				TEST_TARGET_NAME = "2.4Bong di cheo";
			};
			name = Debug;
		};
		04281CD5285CB83800301749 /* Release */ = {
			isa = XCBuildConfiguration;
			buildSettings = {
				ALWAYS_EMBED_SWIFT_STANDARD_LIBRARIES = YES;
				CODE_SIGN_STYLE = Automatic;
				INFOPLIST_FILE = "2.4Bong di cheoUITests/Info.plist";
				LD_RUNPATH_SEARCH_PATHS = (
					"$(inherited)",
					"@executable_path/Frameworks",
					"@loader_path/Frameworks",
				);
				PRODUCT_BUNDLE_IDENTIFIER = "b.--4Bong-di-cheoUITests";
				PRODUCT_NAME = "$(TARGET_NAME)";
				SWIFT_VERSION = 5.0;
				TARGETED_DEVICE_FAMILY = "1,2";
				TEST_TARGET_NAME = "2.4Bong di cheo";
			};
			name = Release;
		};
/* End XCBuildConfiguration section */

/* Begin XCConfigurationList section */
		04281C9E285CB83500301749 /* Build configuration list for PBXProject "2.4Bong di cheo" */ = {
			isa = XCConfigurationList;
			buildConfigurations = (
				04281CCB285CB83800301749 /* Debug */,
				04281CCC285CB83800301749 /* Release */,
			);
			defaultConfigurationIsVisible = 0;
			defaultConfigurationName = Release;
		};
		04281CCD285CB83800301749 /* Build configuration list for PBXNativeTarget "2.4Bong di cheo" */ = {
			isa = XCConfigurationList;
			buildConfigurations = (
				04281CCE285CB83800301749 /* Debug */,
				04281CCF285CB83800301749 /* Release */,
			);
			defaultConfigurationIsVisible = 0;
			defaultConfigurationName = Release;
		};
		04281CD0285CB83800301749 /* Build configuration list for PBXNativeTarget "2.4Bong di cheoTests" */ = {
			isa = XCConfigurationList;
			buildConfigurations = (
				04281CD1285CB83800301749 /* Debug */,
				04281CD2285CB83800301749 /* Release */,
			);
			defaultConfigurationIsVisible = 0;
			defaultConfigurationName = Release;
		};
		04281CD3285CB83800301749 /* Build configuration list for PBXNativeTarget "2.4Bong di cheoUITests" */ = {
			isa = XCConfigurationList;
			buildConfigurations = (
				04281CD4285CB83800301749 /* Debug */,
				04281CD5285CB83800301749 /* Release */,
			);
			defaultConfigurationIsVisible = 0;
			defaultConfigurationName = Release;
		};
/* End XCConfigurationList section */
	};
	rootObject = 04281C9B285CB83500301749 /* Project object */;
}
